
Microsoft Visual Studio Solution File, Format Version 12.00
# Visual Studio 15
VisualStudioVersion = 15.0.27004.2009
MinimumVisualStudioVersion = 10.0.40219.1
Project("{FAE04EC0-301F-11D3-BF4B-00C04F79EFBC}") = "CrypticButter.ButteryTaskbar", "CrypticButter.ButteryTaskbar\CrypticButter.ButteryTaskbar.csproj", "{973356F4-8643-4D38-88BA-3734062E0E8C}"
EndProject
Global
	GlobalSection(SolutionConfigurationPlatforms) = preSolution
		Debug|Any CPU = Debug|Any CPU
		Release|Any CPU = Release|Any CPU
	EndGlobalSection
	GlobalSection(ProjectConfigurationPlatforms) = postSolution
		{973356F4-8643-4D38-88BA-3734062E0E8C}.Debug|Any CPU.ActiveCfg = Debug|Any CPU
		{973356F4-8643-4D38-88BA-3734062E0E8C}.Debug|Any CPU.Build.0 = Debug|Any CPU
		{973356F4-8643-4D38-88BA-3734062E0E8C}.Release|Any CPU.ActiveCfg = Release|Any CPU
		{973356F4-8643-4D38-88BA-3734062E0E8C}.Release|Any CPU.Build.0 = Release|Any CPU
	EndGlobalSection
	GlobalSection(SolutionProperties) = preSolution
		HideSolutionNode = FALSE
	EndGlobalSection
	GlobalSection(ExtensibilityGlobals) = postSolution
		SolutionGuid = {2F63712A-6FC8-4218-8C4F-DC6AA1DE7A31}
	EndGlobalSection
EndGlobal
